
Microsoft Visual Studio Solution File, Format Version 12.00
# Visual Studio Version 16
VisualStudioVersion = 16.0.30413.136
MinimumVisualStudioVersion = 15.0.26124.0
Project("{9A19103F-16F7-4668-BE54-9A1E7A4F7556}") = "Pla.App", "Pla.App\Pla.App.csproj", "{A391012F-C479-4027-AC01-413C881F6775}"
EndProject
Project("{9A19103F-16F7-4668-BE54-9A1E7A4F7556}") = "Pla.Desktop", "Pla.Desktop\Pla.Desktop.csproj", "{94B6FC46-2D4E-484A-A3B3-6368FC0BCEAF}"
EndProject
Global
	GlobalSection(SolutionConfigurationPlatforms) = preSolution
		Debug|Any CPU = Debug|Any CPU
		Debug|x64 = Debug|x64
		Debug|x86 = Debug|x86
		Release|Any CPU = Release|Any CPU
		Release|x64 = Release|x64
		Release|x86 = Release|x86
	EndGlobalSection
	GlobalSection(ProjectConfigurationPlatforms) = postSolution
		{A391012F-C479-4027-AC01-413C881F6775}.Debug|Any CPU.ActiveCfg = Debug|Any CPU
		{A391012F-C479-4027-AC01-413C881F6775}.Debug|Any CPU.Build.0 = Debug|Any CPU
		{A391012F-C479-4027-AC01-413C881F6775}.Debug|x64.ActiveCfg = Debug|Any CPU
		{A391012F-C479-4027-AC01-413C881F6775}.Debug|x64.Build.0 = Debug|Any CPU
		{A391012F-C479-4027-AC01-413C881F6775}.Debug|x86.ActiveCfg = Debug|Any CPU
		{A391012F-C479-4027-AC01-413C881F6775}.Debug|x86.Build.0 = Debug|Any CPU
		{A391012F-C479-4027-AC01-413C881F6775}.Release|Any CPU.ActiveCfg = Release|Any CPU
		{A391012F-C479-4027-AC01-413C881F6775}.Release|Any CPU.Build.0 = Release|Any CPU
		{A391012F-C479-4027-AC01-413C881F6775}.Release|x64.ActiveCfg = Release|Any CPU
		{A391012F-C479-4027-AC01-413C881F6775}.Release|x64.Build.0 = Release|Any CPU
		{A391012F-C479-4027-AC01-413C881F6775}.Release|x86.ActiveCfg = Release|Any CPU
		{A391012F-C479-4027-AC01-413C881F6775}.Release|x86.Build.0 = Release|Any CPU
		{94B6FC46-2D4E-484A-A3B3-6368FC0BCEAF}.Debug|Any CPU.ActiveCfg = Debug|Any CPU
		{94B6FC46-2D4E-484A-A3B3-6368FC0BCEAF}.Debug|Any CPU.Build.0 = Debug|Any CPU
		{94B6FC46-2D4E-484A-A3B3-6368FC0BCEAF}.Debug|x64.ActiveCfg = Debug|Any CPU
		{94B6FC46-2D4E-484A-A3B3-6368FC0BCEAF}.Debug|x64.Build.0 = Debug|Any CPU
		{94B6FC46-2D4E-484A-A3B3-6368FC0BCEAF}.Debug|x86.ActiveCfg = Debug|Any CPU
		{94B6FC46-2D4E-484A-A3B3-6368FC0BCEAF}.Debug|x86.Build.0 = Debug|Any CPU
		{94B6FC46-2D4E-484A-A3B3-6368FC0BCEAF}.Release|Any CPU.ActiveCfg = Release|Any CPU
		{94B6FC46-2D4E-484A-A3B3-6368FC0BCEAF}.Release|Any CPU.Build.0 = Release|Any CPU
		{94B6FC46-2D4E-484A-A3B3-6368FC0BCEAF}.Release|x64.ActiveCfg = Release|Any CPU
		{94B6FC46-2D4E-484A-A3B3-6368FC0BCEAF}.Release|x64.Build.0 = Release|Any CPU
		{94B6FC46-2D4E-484A-A3B3-6368FC0BCEAF}.Release|x86.ActiveCfg = Release|Any CPU
		{94B6FC46-2D4E-484A-A3B3-6368FC0BCEAF}.Release|x86.Build.0 = Release|Any CPU
	EndGlobalSection
	GlobalSection(SolutionProperties) = preSolution
		HideSolutionNode = FALSE
	EndGlobalSection
	GlobalSection(ExtensibilityGlobals) = postSolution
		SolutionGuid = {5C5EECB5-5281-4921-BA4C-C676FA961B03}
	EndGlobalSection
EndGlobal
