
Microsoft Visual Studio Solution File, Format Version 12.00
# Visual Studio Version 17
VisualStudioVersion = 17.1.32228.430
MinimumVisualStudioVersion = 15.0.26124.0
Project("{9A19103F-16F7-4668-BE54-9A1E7A4F7556}") = "Pla.Lib", "Pla.Lib\Pla.Lib.csproj", "{8D73B847-6B97-4138-9480-B67EED1D7473}"
EndProject
Project("{9A19103F-16F7-4668-BE54-9A1E7A4F7556}") = "Pla.IDE", "Pla.IDE\Pla.IDE.csproj", "{90D1B5D3-81A7-491A-838D-DA29BC4771B3}"
EndProject
Project("{9A19103F-16F7-4668-BE54-9A1E7A4F7556}") = "Pla.Shared", "Pla.Shared\Pla.Shared.csproj", "{B9ACB888-5F0F-4CDD-98F5-1A4C6C05D1C5}"
EndProject
Project("{9A19103F-16F7-4668-BE54-9A1E7A4F7556}") = "Pla.Gtk", "Pla.Gtk\Pla.Gtk.csproj", "{B485CA60-8FD2-4F66-B5E6-BE1E0E18DEFB}"
EndProject
Project("{2150E333-8FDC-42A3-9474-1A3956D46DE8}") = "Nugets", "Nugets", "{27C47F3B-F52C-4242-93AB-0A7250E1A590}"
EndProject
Project("{9A19103F-16F7-4668-BE54-9A1E7A4F7556}") = "Pla.App.Pilot", "Pla.App.Pilot\Pla.App.Pilot.csproj", "{AD4A3189-7197-4C75-9A00-DA8E34C48F3F}"
EndProject
Project("{9A19103F-16F7-4668-BE54-9A1E7A4F7556}") = "Pla.Windows.App", "Pla.Windows.App\Pla.Windows.App.csproj", "{C8129EFE-E50B-44EB-9244-71A54CA8166A}"
EndProject
Project("{9A19103F-16F7-4668-BE54-9A1E7A4F7556}") = "Pla.Win", "Pla.Win\Pla.Win.csproj", "{2D823466-5D96-4AE5-8EC8-8C978A1CB570}"
EndProject
Project("{9A19103F-16F7-4668-BE54-9A1E7A4F7556}") = "Pla.Lib.UI", "Pla.Lib.UI\Pla.Lib.UI.csproj", "{0EE316ED-B8AF-4209-AE28-99970F73F42F}"
EndProject
Project("{2150E333-8FDC-42A3-9474-1A3956D46DE8}") = "Platforms", "Platforms", "{3E5D9DA9-ED80-49AC-A628-E7AF75B1F98A}"
EndProject
Project("{9A19103F-16F7-4668-BE54-9A1E7A4F7556}") = "Pla.Gtk.App", "Pla.Gtk.App\Pla.Gtk.App.csproj", "{7FE1D23B-ED72-496D-BA13-7563B01699EA}"
EndProject
Project("{FAE04EC0-301F-11D3-BF4B-00C04F79EFBC}") = "Pla.Maui.App", "Pla.Maui.App\Pla.Maui.App.csproj", "{14EE64CD-6846-48DF-869A-9C7644F58F9D}"
EndProject
Project("{FAE04EC0-301F-11D3-BF4B-00C04F79EFBC}") = "Pla.Maui", "Pla.Maui\Pla.Maui.csproj", "{0A124F4C-DCBE-4A80-90F2-3058262FB23F}"
EndProject
Global
	GlobalSection(SolutionConfigurationPlatforms) = preSolution
		Debug|Any CPU = Debug|Any CPU
		Debug|x64 = Debug|x64
		Debug|x86 = Debug|x86
		Release|Any CPU = Release|Any CPU
		Release|x64 = Release|x64
		Release|x86 = Release|x86
	EndGlobalSection
	GlobalSection(ProjectConfigurationPlatforms) = postSolution
		{8D73B847-6B97-4138-9480-B67EED1D7473}.Debug|Any CPU.ActiveCfg = Debug|Any CPU
		{8D73B847-6B97-4138-9480-B67EED1D7473}.Debug|Any CPU.Build.0 = Debug|Any CPU
		{8D73B847-6B97-4138-9480-B67EED1D7473}.Debug|x64.ActiveCfg = Debug|Any CPU
		{8D73B847-6B97-4138-9480-B67EED1D7473}.Debug|x64.Build.0 = Debug|Any CPU
		{8D73B847-6B97-4138-9480-B67EED1D7473}.Debug|x86.ActiveCfg = Debug|Any CPU
		{8D73B847-6B97-4138-9480-B67EED1D7473}.Debug|x86.Build.0 = Debug|Any CPU
		{8D73B847-6B97-4138-9480-B67EED1D7473}.Release|Any CPU.ActiveCfg = Release|Any CPU
		{8D73B847-6B97-4138-9480-B67EED1D7473}.Release|Any CPU.Build.0 = Release|Any CPU
		{8D73B847-6B97-4138-9480-B67EED1D7473}.Release|x64.ActiveCfg = Release|Any CPU
		{8D73B847-6B97-4138-9480-B67EED1D7473}.Release|x64.Build.0 = Release|Any CPU
		{8D73B847-6B97-4138-9480-B67EED1D7473}.Release|x86.ActiveCfg = Release|Any CPU
		{8D73B847-6B97-4138-9480-B67EED1D7473}.Release|x86.Build.0 = Release|Any CPU
		{90D1B5D3-81A7-491A-838D-DA29BC4771B3}.Debug|Any CPU.ActiveCfg = Debug|Any CPU
		{90D1B5D3-81A7-491A-838D-DA29BC4771B3}.Debug|Any CPU.Build.0 = Debug|Any CPU
		{90D1B5D3-81A7-491A-838D-DA29BC4771B3}.Debug|x64.ActiveCfg = Debug|Any CPU
		{90D1B5D3-81A7-491A-838D-DA29BC4771B3}.Debug|x64.Build.0 = Debug|Any CPU
		{90D1B5D3-81A7-491A-838D-DA29BC4771B3}.Debug|x86.ActiveCfg = Debug|Any CPU
		{90D1B5D3-81A7-491A-838D-DA29BC4771B3}.Debug|x86.Build.0 = Debug|Any CPU
		{90D1B5D3-81A7-491A-838D-DA29BC4771B3}.Release|Any CPU.ActiveCfg = Release|Any CPU
		{90D1B5D3-81A7-491A-838D-DA29BC4771B3}.Release|Any CPU.Build.0 = Release|Any CPU
		{90D1B5D3-81A7-491A-838D-DA29BC4771B3}.Release|x64.ActiveCfg = Release|Any CPU
		{90D1B5D3-81A7-491A-838D-DA29BC4771B3}.Release|x64.Build.0 = Release|Any CPU
		{90D1B5D3-81A7-491A-838D-DA29BC4771B3}.Release|x86.ActiveCfg = Release|Any CPU
		{90D1B5D3-81A7-491A-838D-DA29BC4771B3}.Release|x86.Build.0 = Release|Any CPU
		{B9ACB888-5F0F-4CDD-98F5-1A4C6C05D1C5}.Debug|Any CPU.ActiveCfg = Debug|Any CPU
		{B9ACB888-5F0F-4CDD-98F5-1A4C6C05D1C5}.Debug|Any CPU.Build.0 = Debug|Any CPU
		{B9ACB888-5F0F-4CDD-98F5-1A4C6C05D1C5}.Debug|x64.ActiveCfg = Debug|Any CPU
		{B9ACB888-5F0F-4CDD-98F5-1A4C6C05D1C5}.Debug|x64.Build.0 = Debug|Any CPU
		{B9ACB888-5F0F-4CDD-98F5-1A4C6C05D1C5}.Debug|x86.ActiveCfg = Debug|Any CPU
		{B9ACB888-5F0F-4CDD-98F5-1A4C6C05D1C5}.Debug|x86.Build.0 = Debug|Any CPU
		{B9ACB888-5F0F-4CDD-98F5-1A4C6C05D1C5}.Release|Any CPU.ActiveCfg = Release|Any CPU
		{B9ACB888-5F0F-4CDD-98F5-1A4C6C05D1C5}.Release|Any CPU.Build.0 = Release|Any CPU
		{B9ACB888-5F0F-4CDD-98F5-1A4C6C05D1C5}.Release|x64.ActiveCfg = Release|Any CPU
		{B9ACB888-5F0F-4CDD-98F5-1A4C6C05D1C5}.Release|x64.Build.0 = Release|Any CPU
		{B9ACB888-5F0F-4CDD-98F5-1A4C6C05D1C5}.Release|x86.ActiveCfg = Release|Any CPU
		{B9ACB888-5F0F-4CDD-98F5-1A4C6C05D1C5}.Release|x86.Build.0 = Release|Any CPU
		{B485CA60-8FD2-4F66-B5E6-BE1E0E18DEFB}.Debug|Any CPU.ActiveCfg = Debug|Any CPU
		{B485CA60-8FD2-4F66-B5E6-BE1E0E18DEFB}.Debug|Any CPU.Build.0 = Debug|Any CPU
		{B485CA60-8FD2-4F66-B5E6-BE1E0E18DEFB}.Debug|x64.ActiveCfg = Debug|Any CPU
		{B485CA60-8FD2-4F66-B5E6-BE1E0E18DEFB}.Debug|x64.Build.0 = Debug|Any CPU
		{B485CA60-8FD2-4F66-B5E6-BE1E0E18DEFB}.Debug|x86.ActiveCfg = Debug|Any CPU
		{B485CA60-8FD2-4F66-B5E6-BE1E0E18DEFB}.Debug|x86.Build.0 = Debug|Any CPU
		{B485CA60-8FD2-4F66-B5E6-BE1E0E18DEFB}.Release|Any CPU.ActiveCfg = Release|Any CPU
		{B485CA60-8FD2-4F66-B5E6-BE1E0E18DEFB}.Release|Any CPU.Build.0 = Release|Any CPU
		{B485CA60-8FD2-4F66-B5E6-BE1E0E18DEFB}.Release|x64.ActiveCfg = Release|Any CPU
		{B485CA60-8FD2-4F66-B5E6-BE1E0E18DEFB}.Release|x64.Build.0 = Release|Any CPU
		{B485CA60-8FD2-4F66-B5E6-BE1E0E18DEFB}.Release|x86.ActiveCfg = Release|Any CPU
		{B485CA60-8FD2-4F66-B5E6-BE1E0E18DEFB}.Release|x86.Build.0 = Release|Any CPU
		{AD4A3189-7197-4C75-9A00-DA8E34C48F3F}.Debug|Any CPU.ActiveCfg = Debug|Any CPU
		{AD4A3189-7197-4C75-9A00-DA8E34C48F3F}.Debug|Any CPU.Build.0 = Debug|Any CPU
		{AD4A3189-7197-4C75-9A00-DA8E34C48F3F}.Debug|x64.ActiveCfg = Debug|Any CPU
		{AD4A3189-7197-4C75-9A00-DA8E34C48F3F}.Debug|x64.Build.0 = Debug|Any CPU
		{AD4A3189-7197-4C75-9A00-DA8E34C48F3F}.Debug|x86.ActiveCfg = Debug|Any CPU
		{AD4A3189-7197-4C75-9A00-DA8E34C48F3F}.Debug|x86.Build.0 = Debug|Any CPU
		{AD4A3189-7197-4C75-9A00-DA8E34C48F3F}.Release|Any CPU.ActiveCfg = Release|Any CPU
		{AD4A3189-7197-4C75-9A00-DA8E34C48F3F}.Release|Any CPU.Build.0 = Release|Any CPU
		{AD4A3189-7197-4C75-9A00-DA8E34C48F3F}.Release|x64.ActiveCfg = Release|Any CPU
		{AD4A3189-7197-4C75-9A00-DA8E34C48F3F}.Release|x64.Build.0 = Release|Any CPU
		{AD4A3189-7197-4C75-9A00-DA8E34C48F3F}.Release|x86.ActiveCfg = Release|Any CPU
		{AD4A3189-7197-4C75-9A00-DA8E34C48F3F}.Release|x86.Build.0 = Release|Any CPU
		{C8129EFE-E50B-44EB-9244-71A54CA8166A}.Debug|Any CPU.ActiveCfg = Debug|Any CPU
		{C8129EFE-E50B-44EB-9244-71A54CA8166A}.Debug|Any CPU.Build.0 = Debug|Any CPU
		{C8129EFE-E50B-44EB-9244-71A54CA8166A}.Debug|x64.ActiveCfg = Debug|Any CPU
		{C8129EFE-E50B-44EB-9244-71A54CA8166A}.Debug|x64.Build.0 = Debug|Any CPU
		{C8129EFE-E50B-44EB-9244-71A54CA8166A}.Debug|x86.ActiveCfg = Debug|Any CPU
		{C8129EFE-E50B-44EB-9244-71A54CA8166A}.Debug|x86.Build.0 = Debug|Any CPU
		{C8129EFE-E50B-44EB-9244-71A54CA8166A}.Release|Any CPU.ActiveCfg = Release|Any CPU
		{C8129EFE-E50B-44EB-9244-71A54CA8166A}.Release|Any CPU.Build.0 = Release|Any CPU
		{C8129EFE-E50B-44EB-9244-71A54CA8166A}.Release|x64.ActiveCfg = Release|Any CPU
		{C8129EFE-E50B-44EB-9244-71A54CA8166A}.Release|x64.Build.0 = Release|Any CPU
		{C8129EFE-E50B-44EB-9244-71A54CA8166A}.Release|x86.ActiveCfg = Release|Any CPU
		{C8129EFE-E50B-44EB-9244-71A54CA8166A}.Release|x86.Build.0 = Release|Any CPU
		{2D823466-5D96-4AE5-8EC8-8C978A1CB570}.Debug|Any CPU.ActiveCfg = Debug|Any CPU
		{2D823466-5D96-4AE5-8EC8-8C978A1CB570}.Debug|Any CPU.Build.0 = Debug|Any CPU
		{2D823466-5D96-4AE5-8EC8-8C978A1CB570}.Debug|x64.ActiveCfg = Debug|Any CPU
		{2D823466-5D96-4AE5-8EC8-8C978A1CB570}.Debug|x64.Build.0 = Debug|Any CPU
		{2D823466-5D96-4AE5-8EC8-8C978A1CB570}.Debug|x86.ActiveCfg = Debug|Any CPU
		{2D823466-5D96-4AE5-8EC8-8C978A1CB570}.Debug|x86.Build.0 = Debug|Any CPU
		{2D823466-5D96-4AE5-8EC8-8C978A1CB570}.Release|Any CPU.ActiveCfg = Release|Any CPU
		{2D823466-5D96-4AE5-8EC8-8C978A1CB570}.Release|Any CPU.Build.0 = Release|Any CPU
		{2D823466-5D96-4AE5-8EC8-8C978A1CB570}.Release|x64.ActiveCfg = Release|Any CPU
		{2D823466-5D96-4AE5-8EC8-8C978A1CB570}.Release|x64.Build.0 = Release|Any CPU
		{2D823466-5D96-4AE5-8EC8-8C978A1CB570}.Release|x86.ActiveCfg = Release|Any CPU
		{2D823466-5D96-4AE5-8EC8-8C978A1CB570}.Release|x86.Build.0 = Release|Any CPU
		{0EE316ED-B8AF-4209-AE28-99970F73F42F}.Debug|Any CPU.ActiveCfg = Debug|Any CPU
		{0EE316ED-B8AF-4209-AE28-99970F73F42F}.Debug|Any CPU.Build.0 = Debug|Any CPU
		{0EE316ED-B8AF-4209-AE28-99970F73F42F}.Debug|x64.ActiveCfg = Debug|Any CPU
		{0EE316ED-B8AF-4209-AE28-99970F73F42F}.Debug|x64.Build.0 = Debug|Any CPU
		{0EE316ED-B8AF-4209-AE28-99970F73F42F}.Debug|x86.ActiveCfg = Debug|Any CPU
		{0EE316ED-B8AF-4209-AE28-99970F73F42F}.Debug|x86.Build.0 = Debug|Any CPU
		{0EE316ED-B8AF-4209-AE28-99970F73F42F}.Release|Any CPU.ActiveCfg = Release|Any CPU
		{0EE316ED-B8AF-4209-AE28-99970F73F42F}.Release|Any CPU.Build.0 = Release|Any CPU
		{0EE316ED-B8AF-4209-AE28-99970F73F42F}.Release|x64.ActiveCfg = Release|Any CPU
		{0EE316ED-B8AF-4209-AE28-99970F73F42F}.Release|x64.Build.0 = Release|Any CPU
		{0EE316ED-B8AF-4209-AE28-99970F73F42F}.Release|x86.ActiveCfg = Release|Any CPU
		{0EE316ED-B8AF-4209-AE28-99970F73F42F}.Release|x86.Build.0 = Release|Any CPU
		{7FE1D23B-ED72-496D-BA13-7563B01699EA}.Debug|Any CPU.ActiveCfg = Debug|Any CPU
		{7FE1D23B-ED72-496D-BA13-7563B01699EA}.Debug|Any CPU.Build.0 = Debug|Any CPU
		{7FE1D23B-ED72-496D-BA13-7563B01699EA}.Debug|x64.ActiveCfg = Debug|Any CPU
		{7FE1D23B-ED72-496D-BA13-7563B01699EA}.Debug|x64.Build.0 = Debug|Any CPU
		{7FE1D23B-ED72-496D-BA13-7563B01699EA}.Debug|x86.ActiveCfg = Debug|Any CPU
		{7FE1D23B-ED72-496D-BA13-7563B01699EA}.Debug|x86.Build.0 = Debug|Any CPU
		{7FE1D23B-ED72-496D-BA13-7563B01699EA}.Release|Any CPU.ActiveCfg = Release|Any CPU
		{7FE1D23B-ED72-496D-BA13-7563B01699EA}.Release|Any CPU.Build.0 = Release|Any CPU
		{7FE1D23B-ED72-496D-BA13-7563B01699EA}.Release|x64.ActiveCfg = Release|Any CPU
		{7FE1D23B-ED72-496D-BA13-7563B01699EA}.Release|x64.Build.0 = Release|Any CPU
		{7FE1D23B-ED72-496D-BA13-7563B01699EA}.Release|x86.ActiveCfg = Release|Any CPU
		{7FE1D23B-ED72-496D-BA13-7563B01699EA}.Release|x86.Build.0 = Release|Any CPU
		{14EE64CD-6846-48DF-869A-9C7644F58F9D}.Debug|Any CPU.ActiveCfg = Debug|Any CPU
		{14EE64CD-6846-48DF-869A-9C7644F58F9D}.Debug|Any CPU.Build.0 = Debug|Any CPU
		{14EE64CD-6846-48DF-869A-9C7644F58F9D}.Debug|Any CPU.Deploy.0 = Debug|Any CPU
		{14EE64CD-6846-48DF-869A-9C7644F58F9D}.Debug|x64.ActiveCfg = Debug|Any CPU
		{14EE64CD-6846-48DF-869A-9C7644F58F9D}.Debug|x64.Build.0 = Debug|Any CPU
		{14EE64CD-6846-48DF-869A-9C7644F58F9D}.Debug|x64.Deploy.0 = Debug|Any CPU
		{14EE64CD-6846-48DF-869A-9C7644F58F9D}.Debug|x86.ActiveCfg = Debug|Any CPU
		{14EE64CD-6846-48DF-869A-9C7644F58F9D}.Debug|x86.Build.0 = Debug|Any CPU
		{14EE64CD-6846-48DF-869A-9C7644F58F9D}.Debug|x86.Deploy.0 = Debug|Any CPU
		{14EE64CD-6846-48DF-869A-9C7644F58F9D}.Release|Any CPU.ActiveCfg = Release|Any CPU
		{14EE64CD-6846-48DF-869A-9C7644F58F9D}.Release|Any CPU.Build.0 = Release|Any CPU
		{14EE64CD-6846-48DF-869A-9C7644F58F9D}.Release|Any CPU.Deploy.0 = Release|Any CPU
		{14EE64CD-6846-48DF-869A-9C7644F58F9D}.Release|x64.ActiveCfg = Release|Any CPU
		{14EE64CD-6846-48DF-869A-9C7644F58F9D}.Release|x64.Build.0 = Release|Any CPU
		{14EE64CD-6846-48DF-869A-9C7644F58F9D}.Release|x64.Deploy.0 = Release|Any CPU
		{14EE64CD-6846-48DF-869A-9C7644F58F9D}.Release|x86.ActiveCfg = Release|Any CPU
		{14EE64CD-6846-48DF-869A-9C7644F58F9D}.Release|x86.Build.0 = Release|Any CPU
		{14EE64CD-6846-48DF-869A-9C7644F58F9D}.Release|x86.Deploy.0 = Release|Any CPU
		{0A124F4C-DCBE-4A80-90F2-3058262FB23F}.Debug|Any CPU.ActiveCfg = Debug|Any CPU
		{0A124F4C-DCBE-4A80-90F2-3058262FB23F}.Debug|Any CPU.Build.0 = Debug|Any CPU
		{0A124F4C-DCBE-4A80-90F2-3058262FB23F}.Debug|x64.ActiveCfg = Debug|Any CPU
		{0A124F4C-DCBE-4A80-90F2-3058262FB23F}.Debug|x64.Build.0 = Debug|Any CPU
		{0A124F4C-DCBE-4A80-90F2-3058262FB23F}.Debug|x86.ActiveCfg = Debug|Any CPU
		{0A124F4C-DCBE-4A80-90F2-3058262FB23F}.Debug|x86.Build.0 = Debug|Any CPU
		{0A124F4C-DCBE-4A80-90F2-3058262FB23F}.Release|Any CPU.ActiveCfg = Release|Any CPU
		{0A124F4C-DCBE-4A80-90F2-3058262FB23F}.Release|Any CPU.Build.0 = Release|Any CPU
		{0A124F4C-DCBE-4A80-90F2-3058262FB23F}.Release|x64.ActiveCfg = Release|Any CPU
		{0A124F4C-DCBE-4A80-90F2-3058262FB23F}.Release|x64.Build.0 = Release|Any CPU
		{0A124F4C-DCBE-4A80-90F2-3058262FB23F}.Release|x86.ActiveCfg = Release|Any CPU
		{0A124F4C-DCBE-4A80-90F2-3058262FB23F}.Release|x86.Build.0 = Release|Any CPU
	EndGlobalSection
	GlobalSection(SolutionProperties) = preSolution
		HideSolutionNode = FALSE
	EndGlobalSection
	GlobalSection(NestedProjects) = preSolution
		{8D73B847-6B97-4138-9480-B67EED1D7473} = {27C47F3B-F52C-4242-93AB-0A7250E1A590}
		{B9ACB888-5F0F-4CDD-98F5-1A4C6C05D1C5} = {27C47F3B-F52C-4242-93AB-0A7250E1A590}
		{B485CA60-8FD2-4F66-B5E6-BE1E0E18DEFB} = {27C47F3B-F52C-4242-93AB-0A7250E1A590}
		{C8129EFE-E50B-44EB-9244-71A54CA8166A} = {3E5D9DA9-ED80-49AC-A628-E7AF75B1F98A}
		{2D823466-5D96-4AE5-8EC8-8C978A1CB570} = {27C47F3B-F52C-4242-93AB-0A7250E1A590}
		{0EE316ED-B8AF-4209-AE28-99970F73F42F} = {27C47F3B-F52C-4242-93AB-0A7250E1A590}
		{7FE1D23B-ED72-496D-BA13-7563B01699EA} = {3E5D9DA9-ED80-49AC-A628-E7AF75B1F98A}
		{14EE64CD-6846-48DF-869A-9C7644F58F9D} = {3E5D9DA9-ED80-49AC-A628-E7AF75B1F98A}
		{0A124F4C-DCBE-4A80-90F2-3058262FB23F} = {27C47F3B-F52C-4242-93AB-0A7250E1A590}
	EndGlobalSection
	GlobalSection(ExtensibilityGlobals) = postSolution
		SolutionGuid = {5C5EECB5-5281-4921-BA4C-C676FA961B03}
	EndGlobalSection
EndGlobal
