
Microsoft Visual Studio Solution File, Format Version 12.00
# Visual Studio Version 16
VisualStudioVersion = 16.0.30413.136
MinimumVisualStudioVersion = 10.0.40219.1
Project("{FAE04EC0-301F-11D3-BF4B-00C04F79EFBC}") = "Pla.Mobile.UWP", "Pla.Mobile\Pla.Mobile.UWP\Pla.Mobile.UWP.csproj", "{9610C1CE-221C-4302-A221-2FE1C6A25E39}"
EndProject
Project("{FAE04EC0-301F-11D3-BF4B-00C04F79EFBC}") = "Pla.Mobile.Android", "Pla.Mobile\Pla.Mobile.Android\Pla.Mobile.Android.csproj", "{C0E93C95-9FF9-4D45-8E3F-9378BE574EE6}"
EndProject
Project("{FAE04EC0-301F-11D3-BF4B-00C04F79EFBC}") = "Pla.Mobile.iOS", "Pla.Mobile\Pla.Mobile.iOS\Pla.Mobile.iOS.csproj", "{F343940D-1535-4BC5-AD6A-7776D28B5A99}"
EndProject
Project("{FAE04EC0-301F-11D3-BF4B-00C04F79EFBC}") = "Pla.Mobile", "Pla.Mobile\Pla.Mobile\Pla.Mobile.csproj", "{FDFC5973-AF9C-4B25-B066-631086717365}"
EndProject
Global
	GlobalSection(SolutionConfigurationPlatforms) = preSolution
		Debug|Any CPU = Debug|Any CPU
		Debug|ARM = Debug|ARM
		Debug|iPhone = Debug|iPhone
		Debug|iPhoneSimulator = Debug|iPhoneSimulator
		Debug|x64 = Debug|x64
		Debug|x86 = Debug|x86
		Release|Any CPU = Release|Any CPU
		Release|ARM = Release|ARM
		Release|iPhone = Release|iPhone
		Release|iPhoneSimulator = Release|iPhoneSimulator
		Release|x64 = Release|x64
		Release|x86 = Release|x86
	EndGlobalSection
	GlobalSection(ProjectConfigurationPlatforms) = postSolution
		{9610C1CE-221C-4302-A221-2FE1C6A25E39}.Debug|Any CPU.ActiveCfg = Debug|x86
		{9610C1CE-221C-4302-A221-2FE1C6A25E39}.Debug|Any CPU.Build.0 = Debug|x86
		{9610C1CE-221C-4302-A221-2FE1C6A25E39}.Debug|Any CPU.Deploy.0 = Debug|x86
		{9610C1CE-221C-4302-A221-2FE1C6A25E39}.Debug|ARM.ActiveCfg = Debug|ARM
		{9610C1CE-221C-4302-A221-2FE1C6A25E39}.Debug|ARM.Build.0 = Debug|ARM
		{9610C1CE-221C-4302-A221-2FE1C6A25E39}.Debug|ARM.Deploy.0 = Debug|ARM
		{9610C1CE-221C-4302-A221-2FE1C6A25E39}.Debug|iPhone.ActiveCfg = Debug|x86
		{9610C1CE-221C-4302-A221-2FE1C6A25E39}.Debug|iPhone.Build.0 = Debug|x86
		{9610C1CE-221C-4302-A221-2FE1C6A25E39}.Debug|iPhone.Deploy.0 = Debug|x86
		{9610C1CE-221C-4302-A221-2FE1C6A25E39}.Debug|iPhoneSimulator.ActiveCfg = Debug|x86
		{9610C1CE-221C-4302-A221-2FE1C6A25E39}.Debug|iPhoneSimulator.Build.0 = Debug|x86
		{9610C1CE-221C-4302-A221-2FE1C6A25E39}.Debug|iPhoneSimulator.Deploy.0 = Debug|x86
		{9610C1CE-221C-4302-A221-2FE1C6A25E39}.Debug|x64.ActiveCfg = Debug|x64
		{9610C1CE-221C-4302-A221-2FE1C6A25E39}.Debug|x64.Build.0 = Debug|x64
		{9610C1CE-221C-4302-A221-2FE1C6A25E39}.Debug|x64.Deploy.0 = Debug|x64
		{9610C1CE-221C-4302-A221-2FE1C6A25E39}.Debug|x86.ActiveCfg = Debug|x86
		{9610C1CE-221C-4302-A221-2FE1C6A25E39}.Debug|x86.Build.0 = Debug|x86
		{9610C1CE-221C-4302-A221-2FE1C6A25E39}.Debug|x86.Deploy.0 = Debug|x86
		{9610C1CE-221C-4302-A221-2FE1C6A25E39}.Release|Any CPU.ActiveCfg = Release|x86
		{9610C1CE-221C-4302-A221-2FE1C6A25E39}.Release|Any CPU.Build.0 = Release|x86
		{9610C1CE-221C-4302-A221-2FE1C6A25E39}.Release|Any CPU.Deploy.0 = Release|x86
		{9610C1CE-221C-4302-A221-2FE1C6A25E39}.Release|ARM.ActiveCfg = Release|ARM
		{9610C1CE-221C-4302-A221-2FE1C6A25E39}.Release|ARM.Build.0 = Release|ARM
		{9610C1CE-221C-4302-A221-2FE1C6A25E39}.Release|ARM.Deploy.0 = Release|ARM
		{9610C1CE-221C-4302-A221-2FE1C6A25E39}.Release|iPhone.ActiveCfg = Release|x86
		{9610C1CE-221C-4302-A221-2FE1C6A25E39}.Release|iPhone.Build.0 = Release|x86
		{9610C1CE-221C-4302-A221-2FE1C6A25E39}.Release|iPhone.Deploy.0 = Release|x86
		{9610C1CE-221C-4302-A221-2FE1C6A25E39}.Release|iPhoneSimulator.ActiveCfg = Release|x86
		{9610C1CE-221C-4302-A221-2FE1C6A25E39}.Release|iPhoneSimulator.Build.0 = Release|x86
		{9610C1CE-221C-4302-A221-2FE1C6A25E39}.Release|iPhoneSimulator.Deploy.0 = Release|x86
		{9610C1CE-221C-4302-A221-2FE1C6A25E39}.Release|x64.ActiveCfg = Release|x64
		{9610C1CE-221C-4302-A221-2FE1C6A25E39}.Release|x64.Build.0 = Release|x64
		{9610C1CE-221C-4302-A221-2FE1C6A25E39}.Release|x64.Deploy.0 = Release|x64
		{9610C1CE-221C-4302-A221-2FE1C6A25E39}.Release|x86.ActiveCfg = Release|x86
		{9610C1CE-221C-4302-A221-2FE1C6A25E39}.Release|x86.Build.0 = Release|x86
		{9610C1CE-221C-4302-A221-2FE1C6A25E39}.Release|x86.Deploy.0 = Release|x86
		{C0E93C95-9FF9-4D45-8E3F-9378BE574EE6}.Debug|Any CPU.ActiveCfg = Debug|Any CPU
		{C0E93C95-9FF9-4D45-8E3F-9378BE574EE6}.Debug|Any CPU.Build.0 = Debug|Any CPU
		{C0E93C95-9FF9-4D45-8E3F-9378BE574EE6}.Debug|Any CPU.Deploy.0 = Debug|Any CPU
		{C0E93C95-9FF9-4D45-8E3F-9378BE574EE6}.Debug|ARM.ActiveCfg = Debug|Any CPU
		{C0E93C95-9FF9-4D45-8E3F-9378BE574EE6}.Debug|ARM.Build.0 = Debug|Any CPU
		{C0E93C95-9FF9-4D45-8E3F-9378BE574EE6}.Debug|ARM.Deploy.0 = Debug|Any CPU
		{C0E93C95-9FF9-4D45-8E3F-9378BE574EE6}.Debug|iPhone.ActiveCfg = Debug|Any CPU
		{C0E93C95-9FF9-4D45-8E3F-9378BE574EE6}.Debug|iPhone.Build.0 = Debug|Any CPU
		{C0E93C95-9FF9-4D45-8E3F-9378BE574EE6}.Debug|iPhone.Deploy.0 = Debug|Any CPU
		{C0E93C95-9FF9-4D45-8E3F-9378BE574EE6}.Debug|iPhoneSimulator.ActiveCfg = Debug|Any CPU
		{C0E93C95-9FF9-4D45-8E3F-9378BE574EE6}.Debug|iPhoneSimulator.Build.0 = Debug|Any CPU
		{C0E93C95-9FF9-4D45-8E3F-9378BE574EE6}.Debug|iPhoneSimulator.Deploy.0 = Debug|Any CPU
		{C0E93C95-9FF9-4D45-8E3F-9378BE574EE6}.Debug|x64.ActiveCfg = Debug|Any CPU
		{C0E93C95-9FF9-4D45-8E3F-9378BE574EE6}.Debug|x64.Build.0 = Debug|Any CPU
		{C0E93C95-9FF9-4D45-8E3F-9378BE574EE6}.Debug|x64.Deploy.0 = Debug|Any CPU
		{C0E93C95-9FF9-4D45-8E3F-9378BE574EE6}.Debug|x86.ActiveCfg = Debug|Any CPU
		{C0E93C95-9FF9-4D45-8E3F-9378BE574EE6}.Debug|x86.Build.0 = Debug|Any CPU
		{C0E93C95-9FF9-4D45-8E3F-9378BE574EE6}.Debug|x86.Deploy.0 = Debug|Any CPU
		{C0E93C95-9FF9-4D45-8E3F-9378BE574EE6}.Release|Any CPU.ActiveCfg = Release|Any CPU
		{C0E93C95-9FF9-4D45-8E3F-9378BE574EE6}.Release|Any CPU.Build.0 = Release|Any CPU
		{C0E93C95-9FF9-4D45-8E3F-9378BE574EE6}.Release|Any CPU.Deploy.0 = Release|Any CPU
		{C0E93C95-9FF9-4D45-8E3F-9378BE574EE6}.Release|ARM.ActiveCfg = Release|Any CPU
		{C0E93C95-9FF9-4D45-8E3F-9378BE574EE6}.Release|ARM.Build.0 = Release|Any CPU
		{C0E93C95-9FF9-4D45-8E3F-9378BE574EE6}.Release|ARM.Deploy.0 = Release|Any CPU
		{C0E93C95-9FF9-4D45-8E3F-9378BE574EE6}.Release|iPhone.ActiveCfg = Release|Any CPU
		{C0E93C95-9FF9-4D45-8E3F-9378BE574EE6}.Release|iPhone.Build.0 = Release|Any CPU
		{C0E93C95-9FF9-4D45-8E3F-9378BE574EE6}.Release|iPhone.Deploy.0 = Release|Any CPU
		{C0E93C95-9FF9-4D45-8E3F-9378BE574EE6}.Release|iPhoneSimulator.ActiveCfg = Release|Any CPU
		{C0E93C95-9FF9-4D45-8E3F-9378BE574EE6}.Release|iPhoneSimulator.Build.0 = Release|Any CPU
		{C0E93C95-9FF9-4D45-8E3F-9378BE574EE6}.Release|iPhoneSimulator.Deploy.0 = Release|Any CPU
		{C0E93C95-9FF9-4D45-8E3F-9378BE574EE6}.Release|x64.ActiveCfg = Release|Any CPU
		{C0E93C95-9FF9-4D45-8E3F-9378BE574EE6}.Release|x64.Build.0 = Release|Any CPU
		{C0E93C95-9FF9-4D45-8E3F-9378BE574EE6}.Release|x64.Deploy.0 = Release|Any CPU
		{C0E93C95-9FF9-4D45-8E3F-9378BE574EE6}.Release|x86.ActiveCfg = Release|Any CPU
		{C0E93C95-9FF9-4D45-8E3F-9378BE574EE6}.Release|x86.Build.0 = Release|Any CPU
		{C0E93C95-9FF9-4D45-8E3F-9378BE574EE6}.Release|x86.Deploy.0 = Release|Any CPU
		{F343940D-1535-4BC5-AD6A-7776D28B5A99}.Debug|Any CPU.ActiveCfg = Debug|iPhone
		{F343940D-1535-4BC5-AD6A-7776D28B5A99}.Debug|Any CPU.Build.0 = Debug|iPhone
		{F343940D-1535-4BC5-AD6A-7776D28B5A99}.Debug|Any CPU.Deploy.0 = Debug|iPhone
		{F343940D-1535-4BC5-AD6A-7776D28B5A99}.Debug|ARM.ActiveCfg = Debug|iPhone
		{F343940D-1535-4BC5-AD6A-7776D28B5A99}.Debug|ARM.Build.0 = Debug|iPhone
		{F343940D-1535-4BC5-AD6A-7776D28B5A99}.Debug|ARM.Deploy.0 = Debug|iPhone
		{F343940D-1535-4BC5-AD6A-7776D28B5A99}.Debug|iPhone.ActiveCfg = Debug|iPhone
		{F343940D-1535-4BC5-AD6A-7776D28B5A99}.Debug|iPhone.Build.0 = Debug|iPhone
		{F343940D-1535-4BC5-AD6A-7776D28B5A99}.Debug|iPhone.Deploy.0 = Debug|iPhone
		{F343940D-1535-4BC5-AD6A-7776D28B5A99}.Debug|iPhoneSimulator.ActiveCfg = Debug|iPhoneSimulator
		{F343940D-1535-4BC5-AD6A-7776D28B5A99}.Debug|iPhoneSimulator.Build.0 = Debug|iPhoneSimulator
		{F343940D-1535-4BC5-AD6A-7776D28B5A99}.Debug|iPhoneSimulator.Deploy.0 = Debug|iPhoneSimulator
		{F343940D-1535-4BC5-AD6A-7776D28B5A99}.Debug|x64.ActiveCfg = Debug|iPhone
		{F343940D-1535-4BC5-AD6A-7776D28B5A99}.Debug|x64.Build.0 = Debug|iPhone
		{F343940D-1535-4BC5-AD6A-7776D28B5A99}.Debug|x64.Deploy.0 = Debug|iPhone
		{F343940D-1535-4BC5-AD6A-7776D28B5A99}.Debug|x86.ActiveCfg = Debug|iPhone
		{F343940D-1535-4BC5-AD6A-7776D28B5A99}.Debug|x86.Build.0 = Debug|iPhone
		{F343940D-1535-4BC5-AD6A-7776D28B5A99}.Debug|x86.Deploy.0 = Debug|iPhone
		{F343940D-1535-4BC5-AD6A-7776D28B5A99}.Release|Any CPU.ActiveCfg = Release|iPhone
		{F343940D-1535-4BC5-AD6A-7776D28B5A99}.Release|Any CPU.Build.0 = Release|iPhone
		{F343940D-1535-4BC5-AD6A-7776D28B5A99}.Release|Any CPU.Deploy.0 = Release|iPhone
		{F343940D-1535-4BC5-AD6A-7776D28B5A99}.Release|ARM.ActiveCfg = Release|iPhone
		{F343940D-1535-4BC5-AD6A-7776D28B5A99}.Release|ARM.Build.0 = Release|iPhone
		{F343940D-1535-4BC5-AD6A-7776D28B5A99}.Release|ARM.Deploy.0 = Release|iPhone
		{F343940D-1535-4BC5-AD6A-7776D28B5A99}.Release|iPhone.ActiveCfg = Release|iPhone
		{F343940D-1535-4BC5-AD6A-7776D28B5A99}.Release|iPhone.Build.0 = Release|iPhone
		{F343940D-1535-4BC5-AD6A-7776D28B5A99}.Release|iPhone.Deploy.0 = Release|iPhone
		{F343940D-1535-4BC5-AD6A-7776D28B5A99}.Release|iPhoneSimulator.ActiveCfg = Release|iPhoneSimulator
		{F343940D-1535-4BC5-AD6A-7776D28B5A99}.Release|iPhoneSimulator.Build.0 = Release|iPhoneSimulator
		{F343940D-1535-4BC5-AD6A-7776D28B5A99}.Release|iPhoneSimulator.Deploy.0 = Release|iPhoneSimulator
		{F343940D-1535-4BC5-AD6A-7776D28B5A99}.Release|x64.ActiveCfg = Release|iPhone
		{F343940D-1535-4BC5-AD6A-7776D28B5A99}.Release|x64.Build.0 = Release|iPhone
		{F343940D-1535-4BC5-AD6A-7776D28B5A99}.Release|x64.Deploy.0 = Release|iPhone
		{F343940D-1535-4BC5-AD6A-7776D28B5A99}.Release|x86.ActiveCfg = Release|iPhone
		{F343940D-1535-4BC5-AD6A-7776D28B5A99}.Release|x86.Build.0 = Release|iPhone
		{F343940D-1535-4BC5-AD6A-7776D28B5A99}.Release|x86.Deploy.0 = Release|iPhone
		{FDFC5973-AF9C-4B25-B066-631086717365}.Debug|Any CPU.ActiveCfg = Debug|Any CPU
		{FDFC5973-AF9C-4B25-B066-631086717365}.Debug|Any CPU.Build.0 = Debug|Any CPU
		{FDFC5973-AF9C-4B25-B066-631086717365}.Debug|Any CPU.Deploy.0 = Debug|Any CPU
		{FDFC5973-AF9C-4B25-B066-631086717365}.Debug|ARM.ActiveCfg = Debug|Any CPU
		{FDFC5973-AF9C-4B25-B066-631086717365}.Debug|ARM.Build.0 = Debug|Any CPU
		{FDFC5973-AF9C-4B25-B066-631086717365}.Debug|ARM.Deploy.0 = Debug|Any CPU
		{FDFC5973-AF9C-4B25-B066-631086717365}.Debug|iPhone.ActiveCfg = Debug|Any CPU
		{FDFC5973-AF9C-4B25-B066-631086717365}.Debug|iPhone.Build.0 = Debug|Any CPU
		{FDFC5973-AF9C-4B25-B066-631086717365}.Debug|iPhone.Deploy.0 = Debug|Any CPU
		{FDFC5973-AF9C-4B25-B066-631086717365}.Debug|iPhoneSimulator.ActiveCfg = Debug|Any CPU
		{FDFC5973-AF9C-4B25-B066-631086717365}.Debug|iPhoneSimulator.Build.0 = Debug|Any CPU
		{FDFC5973-AF9C-4B25-B066-631086717365}.Debug|iPhoneSimulator.Deploy.0 = Debug|Any CPU
		{FDFC5973-AF9C-4B25-B066-631086717365}.Debug|x64.ActiveCfg = Debug|Any CPU
		{FDFC5973-AF9C-4B25-B066-631086717365}.Debug|x64.Build.0 = Debug|Any CPU
		{FDFC5973-AF9C-4B25-B066-631086717365}.Debug|x64.Deploy.0 = Debug|Any CPU
		{FDFC5973-AF9C-4B25-B066-631086717365}.Debug|x86.ActiveCfg = Debug|Any CPU
		{FDFC5973-AF9C-4B25-B066-631086717365}.Debug|x86.Build.0 = Debug|Any CPU
		{FDFC5973-AF9C-4B25-B066-631086717365}.Debug|x86.Deploy.0 = Debug|Any CPU
		{FDFC5973-AF9C-4B25-B066-631086717365}.Release|Any CPU.ActiveCfg = Release|Any CPU
		{FDFC5973-AF9C-4B25-B066-631086717365}.Release|Any CPU.Build.0 = Release|Any CPU
		{FDFC5973-AF9C-4B25-B066-631086717365}.Release|Any CPU.Deploy.0 = Release|Any CPU
		{FDFC5973-AF9C-4B25-B066-631086717365}.Release|ARM.ActiveCfg = Release|Any CPU
		{FDFC5973-AF9C-4B25-B066-631086717365}.Release|ARM.Build.0 = Release|Any CPU
		{FDFC5973-AF9C-4B25-B066-631086717365}.Release|ARM.Deploy.0 = Release|Any CPU
		{FDFC5973-AF9C-4B25-B066-631086717365}.Release|iPhone.ActiveCfg = Release|Any CPU
		{FDFC5973-AF9C-4B25-B066-631086717365}.Release|iPhone.Build.0 = Release|Any CPU
		{FDFC5973-AF9C-4B25-B066-631086717365}.Release|iPhone.Deploy.0 = Release|Any CPU
		{FDFC5973-AF9C-4B25-B066-631086717365}.Release|iPhoneSimulator.ActiveCfg = Release|Any CPU
		{FDFC5973-AF9C-4B25-B066-631086717365}.Release|iPhoneSimulator.Build.0 = Release|Any CPU
		{FDFC5973-AF9C-4B25-B066-631086717365}.Release|iPhoneSimulator.Deploy.0 = Release|Any CPU
		{FDFC5973-AF9C-4B25-B066-631086717365}.Release|x64.ActiveCfg = Release|Any CPU
		{FDFC5973-AF9C-4B25-B066-631086717365}.Release|x64.Build.0 = Release|Any CPU
		{FDFC5973-AF9C-4B25-B066-631086717365}.Release|x64.Deploy.0 = Release|Any CPU
		{FDFC5973-AF9C-4B25-B066-631086717365}.Release|x86.ActiveCfg = Release|Any CPU
		{FDFC5973-AF9C-4B25-B066-631086717365}.Release|x86.Build.0 = Release|Any CPU
		{FDFC5973-AF9C-4B25-B066-631086717365}.Release|x86.Deploy.0 = Release|Any CPU
	EndGlobalSection
	GlobalSection(SolutionProperties) = preSolution
		HideSolutionNode = FALSE
	EndGlobalSection
	GlobalSection(ExtensibilityGlobals) = postSolution
		SolutionGuid = {6697E9BE-E006-4B70-BA1A-075D4D6655FD}
	EndGlobalSection
EndGlobal
